{
  "name": "@babel/plugin-proposal-let-decorators",
  "version": "7.0.0-beta.35",
  "lockfileVersion": 1,
  "requires": true,
  "dependencies": {
    "@babel/plugin-syntax-decorators": {
      "version": "7.0.0-beta.35",
      "resolved": "http://r.cnpmjs.org/@babel/plugin-syntax-decorators/download/@babel/plugin-syntax-decorators-7.0.0-beta.35.tgz",
      "integrity": "sha1-GU1dlAecsge/A0P/EkZco5atDGg="
    },
    "@babel/plugin-syntax-let-decorators": {
      "version": "github:ukari/babel-plugin-syntax-let-decorators#1fc3dd6aae8ab16da2672df56405de55dd69d1cf",
      "requires": {
        "@babel/plugin-syntax-decorators": "7.0.0-beta.35"
      }
    }
  }
}
