{
  "name": "@babel/plugin-proposal-let-decorators",
  "version": "7.0.0-beta.35",
  "lockfileVersion": 1,
  "requires": true,
  "dependencies": {
    "@babel/plugin-syntax-let-decorators": {
      "version": "github:ukari/babel-plugin-syntax-let-decorators#05994bda336cf64969b4b514f6e3572f55a09336"
    }
  }
}
