{
  "name": "@babel/plugin-proposal-let-decorators",
  "version": "7.0.0-beta.35",
  "lockfileVersion": 1,
  "requires": true,
  "dependencies": {
    "@babel/plugin-syntax-decorators": {
      "version": "7.0.0-beta.35",
      "resolved": "https://registry.npmjs.org/@babel/plugin-syntax-decorators/-/plugin-syntax-decorators-7.0.0-beta.35.tgz",
      "integrity": "sha512-U0FhbYjLD+jqVw80HLTJHRhkDJecfdX9PfadszcsI4en/x8f7ifB309+H47Yo6PxX7sxl1sHDxFdvr6l+HzDfw=="
    },
    "@babel/plugin-syntax-let-decorators": {
      "version": "github:ukari/babel-plugin-syntax-let-decorators#1fc3dd6aae8ab16da2672df56405de55dd69d1cf",
      "requires": {
        "@babel/plugin-syntax-decorators": "7.0.0-beta.35"
      }
    }
  }
}
